// !$*UTF8*$!
{
	archiveVersion = 1;
	classes = {
	};
	objectVersion = 55;
	objects = {

/* Begin PBXBuildFile section */
		8E9B28D52971A93B00FC63C1 /* AppDelegate.swift in Sources */ = {isa = PBXBuildFile; fileRef = 8E9B28D42971A93B00FC63C1 /* AppDelegate.swift */; };
		8E9B28D72971A93B00FC63C1 /* SceneDelegate.swift in Sources */ = {isa = PBXBuildFile; fileRef = 8E9B28D62971A93B00FC63C1 /* SceneDelegate.swift */; };
		8E9B28D92971A93B00FC63C1 /* ViewController.swift in Sources */ = {isa = PBXBuildFile; fileRef = 8E9B28D82971A93B00FC63C1 /* ViewController.swift */; };
		8E9B28DC2971A93B00FC63C1 /* Main.storyboard in Resources */ = {isa = PBXBuildFile; fileRef = 8E9B28DA2971A93B00FC63C1 /* Main.storyboard */; };
		8E9B28DE2971A93D00FC63C1 /* Assets.xcassets in Resources */ = {isa = PBXBuildFile; fileRef = 8E9B28DD2971A93D00FC63C1 /* Assets.xcassets */; };
		8E9B28E12971A93D00FC63C1 /* LaunchScreen.storyboard in Resources */ = {isa = PBXBuildFile; fileRef = 8E9B28DF2971A93D00FC63C1 /* LaunchScreen.storyboard */; };
		8EA68C02297EE8C70092206E /* gameFieldView.swift in Sources */ = {isa = PBXBuildFile; fileRef = 8EA68C01297EE8C70092206E /* gameFieldView.swift */; };
		8EA68C0629805EB10092206E /* GameControlViewClass.swift in Sources */ = {isa = PBXBuildFile; fileRef = 8EA68C0529805EB10092206E /* GameControlViewClass.swift */; };
		8EC1B4342981CA0000F65A1E /* GameControlView.xib in Resources */ = {isa = PBXBuildFile; fileRef = 8EA68C032980548B0092206E /* GameControlView.xib */; };
/* End PBXBuildFile section */

/* Begin PBXFileReference section */
		8E9B28D12971A93B00FC63C1 /* yandexGame.app */ = {isa = PBXFileReference; explicitFileType = wrapper.application; includeInIndex = 0; path = yandexGame.app; sourceTree = BUILT_PRODUCTS_DIR; };
		8E9B28D42971A93B00FC63C1 /* AppDelegate.swift */ = {isa = PBXFileReference; lastKnownFileType = sourcecode.swift; name = AppDelegate.swift; path = yandexGame/AppDelegate.swift; sourceTree = SOURCE_ROOT; };
		8E9B28D62971A93B00FC63C1 /* SceneDelegate.swift */ = {isa = PBXFileReference; lastKnownFileType = sourcecode.swift; path = SceneDelegate.swift; sourceTree = "<group>"; };
		8E9B28D82971A93B00FC63C1 /* ViewController.swift */ = {isa = PBXFileReference; lastKnownFileType = sourcecode.swift; path = ViewController.swift; sourceTree = "<group>"; };
		8E9B28DB2971A93B00FC63C1 /* Base */ = {isa = PBXFileReference; lastKnownFileType = file.storyboard; name = Base; path = Base.lproj/Main.storyboard; sourceTree = "<group>"; };
		8E9B28DD2971A93D00FC63C1 /* Assets.xcassets */ = {isa = PBXFileReference; lastKnownFileType = folder.assetcatalog; path = Assets.xcassets; sourceTree = "<group>"; };
		8E9B28E02971A93D00FC63C1 /* Base */ = {isa = PBXFileReference; lastKnownFileType = file.storyboard; name = Base; path = Base.lproj/LaunchScreen.storyboard; sourceTree = "<group>"; };
		8E9B28E22971A93D00FC63C1 /* Info.plist */ = {isa = PBXFileReference; lastKnownFileType = text.plist.xml; path = Info.plist; sourceTree = "<group>"; };
		8EA68C01297EE8C70092206E /* gameFieldView.swift */ = {isa = PBXFileReference; lastKnownFileType = sourcecode.swift; path = gameFieldView.swift; sourceTree = "<group>"; };
		8EA68C032980548B0092206E /* GameControlView.xib */ = {isa = PBXFileReference; lastKnownFileType = file.xib; name = GameControlView.xib; path = yandexGame/GameControlView.xib; sourceTree = SOURCE_ROOT; };
		8EA68C0529805EB10092206E /* GameControlViewClass.swift */ = {isa = PBXFileReference; lastKnownFileType = sourcecode.swift; path = GameControlViewClass.swift; sourceTree = "<group>"; };
/* End PBXFileReference section */

/* Begin PBXFrameworksBuildPhase section */
		8E9B28CE2971A93B00FC63C1 /* Frameworks */ = {
			isa = PBXFrameworksBuildPhase;
			buildActionMask = 2147483647;
			files = (
			);
			runOnlyForDeploymentPostprocessing = 0;
		};
/* End PBXFrameworksBuildPhase section */

/* Begin PBXGroup section */
		8E9B28C82971A93B00FC63C1 = {
			isa = PBXGroup;
			children = (
				8E9B28D32971A93B00FC63C1 /* yandexGame */,
				8E9B28D22971A93B00FC63C1 /* Products */,
			);
			sourceTree = "<group>";
		};
		8E9B28D22971A93B00FC63C1 /* Products */ = {
			isa = PBXGroup;
			children = (
				8E9B28D12971A93B00FC63C1 /* yandexGame.app */,
			);
			name = Products;
			sourceTree = "<group>";
		};
		8E9B28D32971A93B00FC63C1 /* yandexGame */ = {
			isa = PBXGroup;
			children = (
				8E9B28D42971A93B00FC63C1 /* AppDelegate.swift */,
				8E9B28D62971A93B00FC63C1 /* SceneDelegate.swift */,
				8E9B28D82971A93B00FC63C1 /* ViewController.swift */,
				8EA68C01297EE8C70092206E /* gameFieldView.swift */,
				8EA68C0529805EB10092206E /* GameControlViewClass.swift */,
				8E9B28DA2971A93B00FC63C1 /* Main.storyboard */,
				8EA68C032980548B0092206E /* GameControlView.xib */,
				8E9B28DD2971A93D00FC63C1 /* Assets.xcassets */,
				8E9B28DF2971A93D00FC63C1 /* LaunchScreen.storyboard */,
				8E9B28E22971A93D00FC63C1 /* Info.plist */,
			);
			path = yandexGame;
			sourceTree = "<group>";
		};
/* End PBXGroup section */

/* Begin PBXNativeTarget section */
		8E9B28D02971A93B00FC63C1 /* yandexGame */ = {
			isa = PBXNativeTarget;
			buildConfigurationList = 8E9B28E52971A93D00FC63C1 /* Build configuration list for PBXNativeTarget "yandexGame" */;
			buildPhases = (
				8E9B28CD2971A93B00FC63C1 /* Sources */,
				8E9B28CE2971A93B00FC63C1 /* Frameworks */,
				8E9B28CF2971A93B00FC63C1 /* Resources */,
			);
			buildRules = (
			);
			dependencies = (
			);
			name = yandexGame;
			productName = yandexGame;
			productReference = 8E9B28D12971A93B00FC63C1 /* yandexGame.app */;
			productType = "com.apple.product-type.application";
		};
/* End PBXNativeTarget section */

/* Begin PBXProject section */
		8E9B28C92971A93B00FC63C1 /* Project object */ = {
			isa = PBXProject;
			attributes = {
				BuildIndependentTargetsInParallel = 1;
				LastSwiftUpdateCheck = 1320;
				LastUpgradeCheck = 1320;
				TargetAttributes = {
					8E9B28D02971A93B00FC63C1 = {
						CreatedOnToolsVersion = 13.2.1;
					};
				};
			};
			buildConfigurationList = 8E9B28CC2971A93B00FC63C1 /* Build configuration list for PBXProject "yandexGame" */;
			compatibilityVersion = "Xcode 13.0";
			developmentRegion = en;
			hasScannedForEncodings = 0;
			knownRegions = (
				en,
				Base,
			);
			mainGroup = 8E9B28C82971A93B00FC63C1;
			productRefGroup = 8E9B28D22971A93B00FC63C1 /* Products */;
			projectDirPath = "";
			projectRoot = "";
			targets = (
				8E9B28D02971A93B00FC63C1 /* yandexGame */,
			);
		};
/* End PBXProject section */

/* Begin PBXResourcesBuildPhase section */
		8E9B28CF2971A93B00FC63C1 /* Resources */ = {
			isa = PBXResourcesBuildPhase;
			buildActionMask = 2147483647;
			files = (
				8E9B28E12971A93D00FC63C1 /* LaunchScreen.storyboard in Resources */,
				8E9B28DE2971A93D00FC63C1 /* Assets.xcassets in Resources */,
				8EC1B4342981CA0000F65A1E /* GameControlView.xib in Resources */,
				8E9B28DC2971A93B00FC63C1 /* Main.storyboard in Resources */,
			);
			runOnlyForDeploymentPostprocessing = 0;
		};
/* End PBXResourcesBuildPhase section */

/* Begin PBXSourcesBuildPhase section */
		8E9B28CD2971A93B00FC63C1 /* Sources */ = {
			isa = PBXSourcesBuildPhase;
			buildActionMask = 2147483647;
			files = (
				8E9B28D92971A93B00FC63C1 /* ViewController.swift in Sources */,
				8E9B28D52971A93B00FC63C1 /* AppDelegate.swift in Sources */,
				8E9B28D72971A93B00FC63C1 /* SceneDelegate.swift in Sources */,
				8EA68C02297EE8C70092206E /* gameFieldView.swift in Sources */,
				8EA68C0629805EB10092206E /* GameControlViewClass.swift in Sources */,
			);
			runOnlyForDeploymentPostprocessing = 0;
		};
/* End PBXSourcesBuildPhase section */

/* Begin PBXVariantGroup section */
		8E9B28DA2971A93B00FC63C1 /* Main.storyboard */ = {
			isa = PBXVariantGroup;
			children = (
				8E9B28DB2971A93B00FC63C1 /* Base */,
			);
			name = Main.storyboard;
			sourceTree = "<group>";
		};
		8E9B28DF2971A93D00FC63C1 /* LaunchScreen.storyboard */ = {
			isa = PBXVariantGroup;
			children = (
				8E9B28E02971A93D00FC63C1 /* Base */,
			);
			name = LaunchScreen.storyboard;
			sourceTree = "<group>";
		};
/* End PBXVariantGroup section */

/* Begin XCBuildConfiguration section */
		8E9B28E32971A93D00FC63C1 /* Debug */ = {
			isa = XCBuildConfiguration;
			buildSettings = {
				ALWAYS_SEARCH_USER_PATHS = NO;
				CLANG_ANALYZER_NONNULL = YES;
				CLANG_ANALYZER_NUMBER_OBJECT_CONVERSION = YES_AGGRESSIVE;
				CLANG_CXX_LANGUAGE_STANDARD = "gnu++17";
				CLANG_CXX_LIBRARY = "libc++";
				CLANG_ENABLE_MODULES = YES;
				CLANG_ENABLE_OBJC_ARC = YES;
				CLANG_ENABLE_OBJC_WEAK = YES;
				CLANG_WARN_BLOCK_CAPTURE_AUTORELEASING = YES;
				CLANG_WARN_BOOL_CONVERSION = YES;
				CLANG_WARN_COMMA = YES;
				CLANG_WARN_CONSTANT_CONVERSION = YES;
				CLANG_WARN_DEPRECATED_OBJC_IMPLEMENTATIONS = YES;
				CLANG_WARN_DIRECT_OBJC_ISA_USAGE = YES_ERROR;
				CLANG_WARN_DOCUMENTATION_COMMENTS = YES;
				CLANG_WARN_EMPTY_BODY = YES;
				CLANG_WARN_ENUM_CONVERSION = YES;
				CLANG_WARN_INFINITE_RECURSION = YES;
				CLANG_WARN_INT_CONVERSION = YES;
				CLANG_WARN_NON_LITERAL_NULL_CONVERSION = YES;
				CLANG_WARN_OBJC_IMPLICIT_RETAIN_SELF = YES;
				CLANG_WARN_OBJC_LITERAL_CONVERSION = YES;
				CLANG_WARN_OBJC_ROOT_CLASS = YES_ERROR;
				CLANG_WARN_QUOTED_INCLUDE_IN_FRAMEWORK_HEADER = YES;
				CLANG_WARN_RANGE_LOOP_ANALYSIS = YES;
				CLANG_WARN_STRICT_PROTOTYPES = YES;
				CLANG_WARN_SUSPICIOUS_MOVE = YES;
				CLANG_WARN_UNGUARDED_AVAILABILITY = YES_AGGRESSIVE;
				CLANG_WARN_UNREACHABLE_CODE = YES;
				CLANG_WARN__DUPLICATE_METHOD_MATCH = YES;
				COPY_PHASE_STRIP = NO;
				DEBUG_INFORMATION_FORMAT = dwarf;
				ENABLE_STRICT_OBJC_MSGSEND = YES;
				ENABLE_TESTABILITY = YES;
				GCC_C_LANGUAGE_STANDARD = gnu11;
				GCC_DYNAMIC_NO_PIC = NO;
				GCC_NO_COMMON_BLOCKS = YES;
				GCC_OPTIMIZATION_LEVEL = 0;
				GCC_PREPROCESSOR_DEFINITIONS = (
					"DEBUG=1",
					"$(inherited)",
				);
				GCC_WARN_64_TO_32_BIT_CONVERSION = YES;
				GCC_WARN_ABOUT_RETURN_TYPE = YES_ERROR;
				GCC_WARN_UNDECLARED_SELECTOR = YES;
				GCC_WARN_UNINITIALIZED_AUTOS = YES_AGGRESSIVE;
				GCC_WARN_UNUSED_FUNCTION = YES;
				GCC_WARN_UNUSED_VARIABLE = YES;
				IPHONEOS_DEPLOYMENT_TARGET = 15.2;
				MTL_ENABLE_DEBUG_INFO = INCLUDE_SOURCE;
				MTL_FAST_MATH = YES;
				ONLY_ACTIVE_ARCH = YES;
				SDKROOT = iphoneos;
				SWIFT_ACTIVE_COMPILATION_CONDITIONS = DEBUG;
				SWIFT_OPTIMIZATION_LEVEL = "-Onone";
			};
			name = Debug;
		};
		8E9B28E42971A93D00FC63C1 /* Release */ = {
			isa = XCBuildConfiguration;
			buildSettings = {
				ALWAYS_SEARCH_USER_PATHS = NO;
				CLANG_ANALYZER_NONNULL = YES;
				CLANG_ANALYZER_NUMBER_OBJECT_CONVERSION = YES_AGGRESSIVE;
				CLANG_CXX_LANGUAGE_STANDARD = "gnu++17";
				CLANG_CXX_LIBRARY = "libc++";
				CLANG_ENABLE_MODULES = YES;
				CLANG_ENABLE_OBJC_ARC = YES;
				CLANG_ENABLE_OBJC_WEAK = YES;
				CLANG_WARN_BLOCK_CAPTURE_AUTORELEASING = YES;
				CLANG_WARN_BOOL_CONVERSION = YES;
				CLANG_WARN_COMMA = YES;
				CLANG_WARN_CONSTANT_CONVERSION = YES;
				CLANG_WARN_DEPRECATED_OBJC_IMPLEMENTATIONS = YES;
				CLANG_WARN_DIRECT_OBJC_ISA_USAGE = YES_ERROR;
				CLANG_WARN_DOCUMENTATION_COMMENTS = YES;
				CLANG_WARN_EMPTY_BODY = YES;
				CLANG_WARN_ENUM_CONVERSION = YES;
				CLANG_WARN_INFINITE_RECURSION = YES;
				CLANG_WARN_INT_CONVERSION = YES;
				CLANG_WARN_NON_LITERAL_NULL_CONVERSION = YES;
				CLANG_WARN_OBJC_IMPLICIT_RETAIN_SELF = YES;
				CLANG_WARN_OBJC_LITERAL_CONVERSION = YES;
				CLANG_WARN_OBJC_ROOT_CLASS = YES_ERROR;
				CLANG_WARN_QUOTED_INCLUDE_IN_FRAMEWORK_HEADER = YES;
				CLANG_WARN_RANGE_LOOP_ANALYSIS = YES;
				CLANG_WARN_STRICT_PROTOTYPES = YES;
				CLANG_WARN_SUSPICIOUS_MOVE = YES;
				CLANG_WARN_UNGUARDED_AVAILABILITY = YES_AGGRESSIVE;
				CLANG_WARN_UNREACHABLE_CODE = YES;
				CLANG_WARN__DUPLICATE_METHOD_MATCH = YES;
				COPY_PHASE_STRIP = NO;
				DEBUG_INFORMATION_FORMAT = "dwarf-with-dsym";
				ENABLE_NS_ASSERTIONS = NO;
				ENABLE_STRICT_OBJC_MSGSEND = YES;
				GCC_C_LANGUAGE_STANDARD = gnu11;
				GCC_NO_COMMON_BLOCKS = YES;
				GCC_WARN_64_TO_32_BIT_CONVERSION = YES;
				GCC_WARN_ABOUT_RETURN_TYPE = YES_ERROR;
				GCC_WARN_UNDECLARED_SELECTOR = YES;
				GCC_WARN_UNINITIALIZED_AUTOS = YES_AGGRESSIVE;
				GCC_WARN_UNUSED_FUNCTION = YES;
				GCC_WARN_UNUSED_VARIABLE = YES;
				IPHONEOS_DEPLOYMENT_TARGET = 15.2;
				MTL_ENABLE_DEBUG_INFO = NO;
				MTL_FAST_MATH = YES;
				SDKROOT = iphoneos;
				SWIFT_COMPILATION_MODE = wholemodule;
				SWIFT_OPTIMIZATION_LEVEL = "-O";
				VALIDATE_PRODUCT = YES;
			};
			name = Release;
		};
		8E9B28E62971A93D00FC63C1 /* Debug */ = {
			isa = XCBuildConfiguration;
			buildSettings = {
				ASSETCATALOG_COMPILER_APPICON_NAME = AppIcon;
				ASSETCATALOG_COMPILER_GLOBAL_ACCENT_COLOR_NAME = AccentColor;
				CODE_SIGN_STYLE = Automatic;
				CURRENT_PROJECT_VERSION = 1;
				DEVELOPMENT_TEAM = QSHRX6B7V5;
				GENERATE_INFOPLIST_FILE = YES;
				INFOPLIST_FILE = yandexGame/Info.plist;
				INFOPLIST_KEY_UIApplicationSupportsIndirectInputEvents = YES;
				INFOPLIST_KEY_UILaunchStoryboardName = LaunchScreen;
				INFOPLIST_KEY_UIMainStoryboardFile = Main;
				INFOPLIST_KEY_UISupportedInterfaceOrientations_iPad = "UIInterfaceOrientationPortrait UIInterfaceOrientationPortraitUpsideDown UIInterfaceOrientationLandscapeLeft UIInterfaceOrientationLandscapeRight";
				INFOPLIST_KEY_UISupportedInterfaceOrientations_iPhone = "UIInterfaceOrientationPortrait UIInterfaceOrientationLandscapeLeft UIInterfaceOrientationLandscapeRight";
				LD_RUNPATH_SEARCH_PATHS = (
					"$(inherited)",
					"@executable_path/Frameworks",
				);
				MARKETING_VERSION = 1.0;
				PRODUCT_BUNDLE_IDENTIFIER = unknownkirya.yandexGame;
				PRODUCT_NAME = "$(TARGET_NAME)";
				SWIFT_EMIT_LOC_STRINGS = YES;
				SWIFT_VERSION = 5.0;
				TARGETED_DEVICE_FAMILY = 1;
			};
			name = Debug;
		};
		8E9B28E72971A93D00FC63C1 /* Release */ = {
			isa = XCBuildConfiguration;
			buildSettings = {
				ASSETCATALOG_COMPILER_APPICON_NAME = AppIcon;
				ASSETCATALOG_COMPILER_GLOBAL_ACCENT_COLOR_NAME = AccentColor;
				CODE_SIGN_STYLE = Automatic;
				CURRENT_PROJECT_VERSION = 1;
				DEVELOPMENT_TEAM = QSHRX6B7V5;
				GENERATE_INFOPLIST_FILE = YES;
				INFOPLIST_FILE = yandexGame/Info.plist;
				INFOPLIST_KEY_UIApplicationSupportsIndirectInputEvents = YES;
				INFOPLIST_KEY_UILaunchStoryboardName = LaunchScreen;
				INFOPLIST_KEY_UIMainStoryboardFile = Main;
				INFOPLIST_KEY_UISupportedInterfaceOrientations_iPad = "UIInterfaceOrientationPortrait UIInterfaceOrientationPortraitUpsideDown UIInterfaceOrientationLandscapeLeft UIInterfaceOrientationLandscapeRight";
				INFOPLIST_KEY_UISupportedInterfaceOrientations_iPhone = "UIInterfaceOrientationPortrait UIInterfaceOrientationLandscapeLeft UIInterfaceOrientationLandscapeRight";
				LD_RUNPATH_SEARCH_PATHS = (
					"$(inherited)",
					"@executable_path/Frameworks",
				);
				MARKETING_VERSION = 1.0;
				PRODUCT_BUNDLE_IDENTIFIER = unknownkirya.yandexGame;
				PRODUCT_NAME = "$(TARGET_NAME)";
				SWIFT_EMIT_LOC_STRINGS = YES;
				SWIFT_VERSION = 5.0;
				TARGETED_DEVICE_FAMILY = 1;
			};
			name = Release;
		};
/* End XCBuildConfiguration section */

/* Begin XCConfigurationList section */
		8E9B28CC2971A93B00FC63C1 /* Build configuration list for PBXProject "yandexGame" */ = {
			isa = XCConfigurationList;
			buildConfigurations = (
				8E9B28E32971A93D00FC63C1 /* Debug */,
				8E9B28E42971A93D00FC63C1 /* Release */,
			);
			defaultConfigurationIsVisible = 0;
			defaultConfigurationName = Release;
		};
		8E9B28E52971A93D00FC63C1 /* Build configuration list for PBXNativeTarget "yandexGame" */ = {
			isa = XCConfigurationList;
			buildConfigurations = (
				8E9B28E62971A93D00FC63C1 /* Debug */,
				8E9B28E72971A93D00FC63C1 /* Release */,
			);
			defaultConfigurationIsVisible = 0;
			defaultConfigurationName = Release;
		};
/* End XCConfigurationList section */
	};
	rootObject = 8E9B28C92971A93B00FC63C1 /* Project object */;
}
